
Microsoft Visual Studio Solution File, Format Version 12.00
# Visual Studio 15
VisualStudioVersion = 15.0.28307.168
MinimumVisualStudioVersion = 10.0.40219.1
Project("{E6C563F2-BDC2-4A24-ACBF-01715157DCBB}") = "UpperASA", "UpperASA\UpperASA.asaproj", "{C5004E14-650E-4D8D-8CDC-4E57DB437F76}"
EndProject
Global
	GlobalSection(SolutionConfigurationPlatforms) = preSolution
		Debug|Any CPU = Debug|Any CPU
		Release|Any CPU = Release|Any CPU
	EndGlobalSection
	GlobalSection(ProjectConfigurationPlatforms) = postSolution
		{C5004E14-650E-4D8D-8CDC-4E57DB437F76}.Debug|Any CPU.ActiveCfg = Debug|Any CPU
		{C5004E14-650E-4D8D-8CDC-4E57DB437F76}.Debug|Any CPU.Build.0 = Debug|Any CPU
		{C5004E14-650E-4D8D-8CDC-4E57DB437F76}.Release|Any CPU.ActiveCfg = Release|Any CPU
		{C5004E14-650E-4D8D-8CDC-4E57DB437F76}.Release|Any CPU.Build.0 = Release|Any CPU
	EndGlobalSection
	GlobalSection(SolutionProperties) = preSolution
		HideSolutionNode = FALSE
	EndGlobalSection
	GlobalSection(ExtensibilityGlobals) = postSolution
		SolutionGuid = {7DCFB7B1-ACD2-4515-A109-4F1D239DFE98}
	EndGlobalSection
EndGlobal
